
Microsoft Visual Studio Solution File, Format Version 12.00
# Visual Studio Version 16
VisualStudioVersion = 16.0.28729.10
MinimumVisualStudioVersion = 10.0.40219.1
Project("{FAE04EC0-301F-11D3-BF4B-00C04F79EFBC}") = "HWDP19.07", "HWDP19.07\HWDP19.07.csproj", "{2DA12701-CA1F-4FB5-825E-CE3D499473D8}"
EndProject
Project("{FAE04EC0-301F-11D3-BF4B-00C04F79EFBC}") = "ComputerAppAbstractFactory", "ComputerAppAbstractFactory\ComputerAppAbstractFactory.csproj", "{2D0C2769-236A-40A5-B31E-D031D86A2EE7}"
EndProject
Global
	GlobalSection(SolutionConfigurationPlatforms) = preSolution
		Debug|Any CPU = Debug|Any CPU
		Release|Any CPU = Release|Any CPU
	EndGlobalSection
	GlobalSection(ProjectConfigurationPlatforms) = postSolution
		{2DA12701-CA1F-4FB5-825E-CE3D499473D8}.Debug|Any CPU.ActiveCfg = Debug|Any CPU
		{2DA12701-CA1F-4FB5-825E-CE3D499473D8}.Debug|Any CPU.Build.0 = Debug|Any CPU
		{2DA12701-CA1F-4FB5-825E-CE3D499473D8}.Release|Any CPU.ActiveCfg = Release|Any CPU
		{2DA12701-CA1F-4FB5-825E-CE3D499473D8}.Release|Any CPU.Build.0 = Release|Any CPU
		{2D0C2769-236A-40A5-B31E-D031D86A2EE7}.Debug|Any CPU.ActiveCfg = Debug|Any CPU
		{2D0C2769-236A-40A5-B31E-D031D86A2EE7}.Debug|Any CPU.Build.0 = Debug|Any CPU
		{2D0C2769-236A-40A5-B31E-D031D86A2EE7}.Release|Any CPU.ActiveCfg = Release|Any CPU
		{2D0C2769-236A-40A5-B31E-D031D86A2EE7}.Release|Any CPU.Build.0 = Release|Any CPU
	EndGlobalSection
	GlobalSection(SolutionProperties) = preSolution
		HideSolutionNode = FALSE
	EndGlobalSection
	GlobalSection(ExtensibilityGlobals) = postSolution
		SolutionGuid = {758134DE-1ACC-4B48-A08D-FCE6D593A3D7}
	EndGlobalSection
EndGlobal
